
Microsoft Visual Studio Solution File, Format Version 12.00
# Visual Studio Version 17
VisualStudioVersion = 17.6.33815.320
MinimumVisualStudioVersion = 10.0.40219.1
Project("{9A19103F-16F7-4668-BE54-9A1E7A4F7556}") = "WebApi", "WebApi\WebApi.csproj", "{44F3BC93-E447-43CF-A102-CB80EF536E07}"
EndProject
Project("{9A19103F-16F7-4668-BE54-9A1E7A4F7556}") = "Entities", "Entities\Entities.csproj", "{3E35D5B6-2A70-4654-9AB3-E93C4C23AB5D}"
EndProject
Project("{9A19103F-16F7-4668-BE54-9A1E7A4F7556}") = "Repositories", "Repositories\Repositories.csproj", "{773E6A9E-A619-4544-8841-51828E523375}"
EndProject
Project("{9A19103F-16F7-4668-BE54-9A1E7A4F7556}") = "Services", "Services\Services.csproj", "{2C56C45C-5025-410B-9F6F-EC5B78D72280}"
EndProject
Project("{FAE04EC0-301F-11D3-BF4B-00C04F79EFBC}") = "Presentation", "Presentation\Presentation.csproj", "{24E78DBE-B45A-4620-9A4B-A1666854826F}"
EndProject
Global
	GlobalSection(SolutionConfigurationPlatforms) = preSolution
		Debug|Any CPU = Debug|Any CPU
		Release|Any CPU = Release|Any CPU
	EndGlobalSection
	GlobalSection(ProjectConfigurationPlatforms) = postSolution
		{44F3BC93-E447-43CF-A102-CB80EF536E07}.Debug|Any CPU.ActiveCfg = Debug|Any CPU
		{44F3BC93-E447-43CF-A102-CB80EF536E07}.Debug|Any CPU.Build.0 = Debug|Any CPU
		{44F3BC93-E447-43CF-A102-CB80EF536E07}.Release|Any CPU.ActiveCfg = Release|Any CPU
		{44F3BC93-E447-43CF-A102-CB80EF536E07}.Release|Any CPU.Build.0 = Release|Any CPU
		{3E35D5B6-2A70-4654-9AB3-E93C4C23AB5D}.Debug|Any CPU.ActiveCfg = Debug|Any CPU
		{3E35D5B6-2A70-4654-9AB3-E93C4C23AB5D}.Debug|Any CPU.Build.0 = Debug|Any CPU
		{3E35D5B6-2A70-4654-9AB3-E93C4C23AB5D}.Release|Any CPU.ActiveCfg = Release|Any CPU
		{3E35D5B6-2A70-4654-9AB3-E93C4C23AB5D}.Release|Any CPU.Build.0 = Release|Any CPU
		{773E6A9E-A619-4544-8841-51828E523375}.Debug|Any CPU.ActiveCfg = Debug|Any CPU
		{773E6A9E-A619-4544-8841-51828E523375}.Debug|Any CPU.Build.0 = Debug|Any CPU
		{773E6A9E-A619-4544-8841-51828E523375}.Release|Any CPU.ActiveCfg = Release|Any CPU
		{773E6A9E-A619-4544-8841-51828E523375}.Release|Any CPU.Build.0 = Release|Any CPU
		{2C56C45C-5025-410B-9F6F-EC5B78D72280}.Debug|Any CPU.ActiveCfg = Debug|Any CPU
		{2C56C45C-5025-410B-9F6F-EC5B78D72280}.Debug|Any CPU.Build.0 = Debug|Any CPU
		{2C56C45C-5025-410B-9F6F-EC5B78D72280}.Release|Any CPU.ActiveCfg = Release|Any CPU
		{2C56C45C-5025-410B-9F6F-EC5B78D72280}.Release|Any CPU.Build.0 = Release|Any CPU
		{24E78DBE-B45A-4620-9A4B-A1666854826F}.Debug|Any CPU.ActiveCfg = Debug|Any CPU
		{24E78DBE-B45A-4620-9A4B-A1666854826F}.Debug|Any CPU.Build.0 = Debug|Any CPU
		{24E78DBE-B45A-4620-9A4B-A1666854826F}.Release|Any CPU.ActiveCfg = Release|Any CPU
		{24E78DBE-B45A-4620-9A4B-A1666854826F}.Release|Any CPU.Build.0 = Release|Any CPU
	EndGlobalSection
	GlobalSection(SolutionProperties) = preSolution
		HideSolutionNode = FALSE
	EndGlobalSection
	GlobalSection(ExtensibilityGlobals) = postSolution
		SolutionGuid = {D68DA695-5BA2-4B2D-BFD6-26976351BF6E}
	EndGlobalSection
EndGlobal
